
Microsoft Visual Studio Solution File, Format Version 12.00
# Visual Studio Version 16
VisualStudioVersion = 16.0.29806.167
MinimumVisualStudioVersion = 10.0.40219.1
Project("{9A19103F-16F7-4668-BE54-9A1E7A4F7556}") = "Steamworks.Core", "Steamworks.Core.csproj", "{99691450-79B0-49D6-A2A8-2DF3501E25D9}"
EndProject
Global
	GlobalSection(SolutionConfigurationPlatforms) = preSolution
		Debug|x64 = Debug|x64
		Debug|x86 = Debug|x86
		Release|x64 = Release|x64
		Release|x86 = Release|x86
	EndGlobalSection
	GlobalSection(ProjectConfigurationPlatforms) = postSolution
		{99691450-79B0-49D6-A2A8-2DF3501E25D9}.Debug|x64.ActiveCfg = Debug|x64
		{99691450-79B0-49D6-A2A8-2DF3501E25D9}.Debug|x64.Build.0 = Debug|x64
		{99691450-79B0-49D6-A2A8-2DF3501E25D9}.Debug|x86.ActiveCfg = Debug|x86
		{99691450-79B0-49D6-A2A8-2DF3501E25D9}.Debug|x86.Build.0 = Debug|x86
		{99691450-79B0-49D6-A2A8-2DF3501E25D9}.Release|x64.ActiveCfg = Release|x64
		{99691450-79B0-49D6-A2A8-2DF3501E25D9}.Release|x64.Build.0 = Release|x64
		{99691450-79B0-49D6-A2A8-2DF3501E25D9}.Release|x86.ActiveCfg = Release|x86
		{99691450-79B0-49D6-A2A8-2DF3501E25D9}.Release|x86.Build.0 = Release|x86
	EndGlobalSection
	GlobalSection(SolutionProperties) = preSolution
		HideSolutionNode = FALSE
	EndGlobalSection
	GlobalSection(ExtensibilityGlobals) = postSolution
		SolutionGuid = {520BCE83-257A-4CE8-962C-4F48FB2BAEE8}
	EndGlobalSection
EndGlobal
